
Microsoft Visual Studio Solution File, Format Version 12.00
# Visual Studio 15
VisualStudioVersion = 15.0.28307.705
MinimumVisualStudioVersion = 10.0.40219.1
Project("{F2A71F9B-5D33-465A-A702-920D77279786}") = "Kogworks", "Kogworks\Kogworks.fsproj", "{5D7E9F10-9ABA-4DBD-B21E-452948992B40}"
EndProject
Global
	GlobalSection(SolutionConfigurationPlatforms) = preSolution
		Debug|Any CPU = Debug|Any CPU
		Release|Any CPU = Release|Any CPU
	EndGlobalSection
	GlobalSection(ProjectConfigurationPlatforms) = postSolution
		{5D7E9F10-9ABA-4DBD-B21E-452948992B40}.Debug|Any CPU.ActiveCfg = Debug|Any CPU
		{5D7E9F10-9ABA-4DBD-B21E-452948992B40}.Debug|Any CPU.Build.0 = Debug|Any CPU
		{5D7E9F10-9ABA-4DBD-B21E-452948992B40}.Release|Any CPU.ActiveCfg = Release|Any CPU
		{5D7E9F10-9ABA-4DBD-B21E-452948992B40}.Release|Any CPU.Build.0 = Release|Any CPU
	EndGlobalSection
	GlobalSection(SolutionProperties) = preSolution
		HideSolutionNode = FALSE
	EndGlobalSection
	GlobalSection(ExtensibilityGlobals) = postSolution
		SolutionGuid = {92F66B57-49B1-4CC1-ADA0-FB0B5136199E}
	EndGlobalSection
EndGlobal
